
Microsoft Visual Studio Solution File, Format Version 12.00
# Visual Studio Version 17
VisualStudioVersion = 17.7.34031.279
MinimumVisualStudioVersion = 10.0.40219.1
Project("{FAE04EC0-301F-11D3-BF4B-00C04F79EFBC}") = "SysSeguridadG05.EN", "SysSeguridadG05.EN\SysSeguridadG05.EN.csproj", "{F532E3E2-03A5-4BDB-B076-B20D311DE624}"
EndProject
Project("{FAE04EC0-301F-11D3-BF4B-00C04F79EFBC}") = "SysSeguridadG05.DAL", "SysSeguridadG05.DAL\SysSeguridadG05.DAL.csproj", "{F312CCEF-EB9A-4513-A9E0-681E3BF4D791}"
EndProject
Project("{FAE04EC0-301F-11D3-BF4B-00C04F79EFBC}") = "SysSeguridadG05.BL", "SysSeguridadG05.BL\SysSeguridadG05.BL.csproj", "{B6EAB1E3-3934-4BE6-B907-2E3EC909F37E}"
EndProject
Project("{FAE04EC0-301F-11D3-BF4B-00C04F79EFBC}") = "SysSeguridadG05.UIMVC", "SysSeguridadG05.UIMVC\SysSeguridadG05.UIMVC.csproj", "{66A79D28-19F6-43B5-B670-021E30CB1DC1}"
EndProject
Global
	GlobalSection(SolutionConfigurationPlatforms) = preSolution
		Debug|Any CPU = Debug|Any CPU
		Release|Any CPU = Release|Any CPU
	EndGlobalSection
	GlobalSection(ProjectConfigurationPlatforms) = postSolution
		{F532E3E2-03A5-4BDB-B076-B20D311DE624}.Debug|Any CPU.ActiveCfg = Debug|Any CPU
		{F532E3E2-03A5-4BDB-B076-B20D311DE624}.Debug|Any CPU.Build.0 = Debug|Any CPU
		{F532E3E2-03A5-4BDB-B076-B20D311DE624}.Release|Any CPU.ActiveCfg = Release|Any CPU
		{F532E3E2-03A5-4BDB-B076-B20D311DE624}.Release|Any CPU.Build.0 = Release|Any CPU
		{F312CCEF-EB9A-4513-A9E0-681E3BF4D791}.Debug|Any CPU.ActiveCfg = Debug|Any CPU
		{F312CCEF-EB9A-4513-A9E0-681E3BF4D791}.Debug|Any CPU.Build.0 = Debug|Any CPU
		{F312CCEF-EB9A-4513-A9E0-681E3BF4D791}.Release|Any CPU.ActiveCfg = Release|Any CPU
		{F312CCEF-EB9A-4513-A9E0-681E3BF4D791}.Release|Any CPU.Build.0 = Release|Any CPU
		{B6EAB1E3-3934-4BE6-B907-2E3EC909F37E}.Debug|Any CPU.ActiveCfg = Debug|Any CPU
		{B6EAB1E3-3934-4BE6-B907-2E3EC909F37E}.Debug|Any CPU.Build.0 = Debug|Any CPU
		{B6EAB1E3-3934-4BE6-B907-2E3EC909F37E}.Release|Any CPU.ActiveCfg = Release|Any CPU
		{B6EAB1E3-3934-4BE6-B907-2E3EC909F37E}.Release|Any CPU.Build.0 = Release|Any CPU
		{66A79D28-19F6-43B5-B670-021E30CB1DC1}.Debug|Any CPU.ActiveCfg = Debug|Any CPU
		{66A79D28-19F6-43B5-B670-021E30CB1DC1}.Debug|Any CPU.Build.0 = Debug|Any CPU
		{66A79D28-19F6-43B5-B670-021E30CB1DC1}.Release|Any CPU.ActiveCfg = Release|Any CPU
		{66A79D28-19F6-43B5-B670-021E30CB1DC1}.Release|Any CPU.Build.0 = Release|Any CPU
	EndGlobalSection
	GlobalSection(SolutionProperties) = preSolution
		HideSolutionNode = FALSE
	EndGlobalSection
	GlobalSection(ExtensibilityGlobals) = postSolution
		SolutionGuid = {1DADB1E5-1B33-4986-B9E7-69B539DEA857}
	EndGlobalSection
EndGlobal
